<?xml version="1.0" encoding="utf-8"?>
<Project ToolsVersion="4.0" xmlns="http://schemas.microsoft.com/developer/msbuild/2003">
  <ItemGroup>
    <Filter Include="App">
      <UniqueIdentifier>{37031e08-1a33-4168-8c15-e734b2f575bb}</UniqueIdentifier>
    </Filter>
    <Filter Include="GameEngine">
      <UniqueIdentifier>{8fd9251e-304d-4078-a8bb-2519ecb83505}</UniqueIdentifier>
    </Filter>
    <Filter Include="GameEngine\GraphicsEngine">
      <UniqueIdentifier>{17ce2e1e-1738-4622-b9b3-e212c0a6f46c}</UniqueIdentifier>
    </Filter>
    <Filter Include="GameEngine\WindowingSystem">
      <UniqueIdentifier>{de047c3f-4cee-42b1-a1a2-36617a41f092}</UniqueIdentifier>
    </Filter>
    <Filter Include="GameEngine\Math">
      <UniqueIdentifier>{f0c9020b-27dc-49e9-a87a-90692e96194b}</UniqueIdentifier>
    </Filter>
    <Filter Include="GameEngine\InputSystem">
      <UniqueIdentifier>{ef6bfcbf-1aca-415b-ae24-3921160eff07}</UniqueIdentifier>
    </Filter>
    <Filter Include="GameEngine\GraphicsEngine\RenderSystem">
      <UniqueIdentifier>{ce776430-4bbb-45f6-b2ca-0a4243768ec6}</UniqueIdentifier>
    </Filter>
    <Filter Include="GameEngine\GraphicsEngine\RenderSystem\VertexShader">
      <UniqueIdentifier>{93e069fc-ed04-4b14-806b-d02e3c7ae2b6}</UniqueIdentifier>
    </Filter>
    <Filter Include="GameEngine\GraphicsEngine\RenderSystem\DeviceContext">
      <UniqueIdentifier>{4135391f-23d6-4674-a95a-df46b3190b06}</UniqueIdentifier>
    </Filter>
    <Filter Include="GameEngine\GraphicsEngine\RenderSystem\IndexBuffer">
      <UniqueIdentifier>{e01c9b8c-1e16-4cf5-b02e-905f961f175f}</UniqueIdentifier>
    </Filter>
    <Filter Include="GameEngine\GraphicsEngine\RenderSystem\PixelShader">
      <UniqueIdentifier>{511c6f45-1f08-47b2-8d69-87e8491c45be}</UniqueIdentifier>
    </Filter>
    <Filter Include="GameEngine\GraphicsEngine\RenderSystem\SwapChain">
      <UniqueIdentifier>{b7db7a76-82f5-4ec9-bb85-d2bd945ddfa7}</UniqueIdentifier>
    </Filter>
    <Filter Include="GameEngine\GraphicsEngine\RenderSystem\VertexBuffer">
      <UniqueIdentifier>{ec729ab5-01eb-41d9-8402-9442179ca594}</UniqueIdentifier>
    </Filter>
    <Filter Include="GameEngine\GraphicsEngine\RenderSystem\ConstantBuffer">
      <UniqueIdentifier>{36b207d3-245f-4a80-b529-98a65bf922bf}</UniqueIdentifier>
    </Filter>
    <Filter Include="GameEngine\GraphicsEngine\ResourceManager">
      <UniqueIdentifier>{971454c9-61cf-468c-b900-51ea4375049a}</UniqueIdentifier>
    </Filter>
    <Filter Include="GameEngine\ImGui">
      <UniqueIdentifier>{e02a2280-e386-4147-a6cf-3f40fa9dc6fd}</UniqueIdentifier>
    </Filter>
    <Filter Include="GameEngine\UI">
      <UniqueIdentifier>{ba587832-2a73-4407-9727-83974ba98ae4}</UniqueIdentifier>
    </Filter>
    <Filter Include="GameEngine\GraphicsEngine\ResourceManager\MeshManager">
      <UniqueIdentifier>{25c633f6-d6a8-410b-986a-922eb8d16ca1}</UniqueIdentifier>
    </Filter>
    <Filter Include="GameEngine\GraphicsEngine\ResourceManager\PixelShaderManager">
      <UniqueIdentifier>{9cf6cf09-2ba2-498a-8774-6a4f2bf8f3d2}</UniqueIdentifier>
    </Filter>
    <Filter Include="GameEngine\GraphicsEngine\ResourceManager\VertexShaderManager">
      <UniqueIdentifier>{8082ef41-1818-4339-a880-330bfdca0fab}</UniqueIdentifier>
    </Filter>
    <Filter Include="GameEngine\GraphicsEngine\ResourceManager\TextureManager">
      <UniqueIdentifier>{9d060ac4-df0b-40df-8118-14da648e26b5}</UniqueIdentifier>
    </Filter>
    <Filter Include="GameEngine\GraphicsEngine\RenderSystem\Mesh">
      <UniqueIdentifier>{9190103f-7945-4521-9158-2118dc72a4e6}</UniqueIdentifier>
    </Filter>
    <Filter Include="GameEngine\GraphicsEngine\RenderSystem\Texture">
      <UniqueIdentifier>{5d8a420d-6bb2-4540-95b7-1c9eb61130ed}</UniqueIdentifier>
    </Filter>
    <Filter Include="GameEngine\GraphicsEngine\RenderSystem\VertexInputLayout">
      <UniqueIdentifier>{ad97097d-6de1-45f2-9013-7ca2fd42f967}</UniqueIdentifier>
    </Filter>
    <Filter Include="GameEngine\GraphicsEngine\RenderSystem\Vertex">
      <UniqueIdentifier>{3153515f-b31c-4f50-a05f-ced52e64d138}</UniqueIdentifier>
    </Filter>
    <Filter Include="GameEngine\GraphicsEngine\RenderSystem\SamplerState">
      <UniqueIdentifier>{051ad1e7-f07b-4edc-a522-cca382469df4}</UniqueIdentifier>
    </Filter>
    <Filter Include="App\Shaders">
      <UniqueIdentifier>{b2576efd-40e4-47ae-8546-ffef99771100}</UniqueIdentifier>
    </Filter>
    <Filter Include="GameEngine\GameObject">
      <UniqueIdentifier>{7e78e4cd-dc84-4781-ac50-c45825e9bfbf}</UniqueIdentifier>
    </Filter>
    <Filter Include="GameEngine\ComponentSystem">
      <UniqueIdentifier>{61a565f6-3173-47c6-b98b-6b7c170feb51}</UniqueIdentifier>
    </Filter>
  </ItemGroup>
  <ItemGroup>
    <ClCompile Include="main.cpp">
      <Filter>App</Filter>
    </ClCompile>
    <ClCompile Include="AppWindow.cpp">
      <Filter>App</Filter>
    </ClCompile>
    <ClCompile Include="Window.cpp">
      <Filter>GameEngine\WindowingSystem</Filter>
    </ClCompile>
    <ClCompile Include="GraphicsEngine.cpp">
      <Filter>GameEngine\GraphicsEngine</Filter>
    </ClCompile>
    <ClCompile Include="SwapChain.cpp">
      <Filter>GameEngine\GraphicsEngine\RenderSystem\SwapChain</Filter>
    </ClCompile>
    <ClCompile Include="DeviceContext.cpp">
      <Filter>GameEngine\GraphicsEngine\RenderSystem\DeviceContext</Filter>
    </ClCompile>
    <ClCompile Include="VertexBuffer.cpp">
      <Filter>GameEngine\GraphicsEngine\RenderSystem\VertexBuffer</Filter>
    </ClCompile>
    <ClCompile Include="VertexShader.cpp">
      <Filter>GameEngine\GraphicsEngine\RenderSystem\VertexShader</Filter>
    </ClCompile>
    <ClCompile Include="PixelShader.cpp">
      <Filter>GameEngine\GraphicsEngine\RenderSystem\PixelShader</Filter>
    </ClCompile>
    <ClCompile Include="ConstantBuffer.cpp">
      <Filter>GameEngine\GraphicsEngine\RenderSystem\ConstantBuffer</Filter>
    </ClCompile>
    <ClCompile Include="IndexBuffer.cpp">
      <Filter>GameEngine\GraphicsEngine\RenderSystem\IndexBuffer</Filter>
    </ClCompile>
    <ClCompile Include="InputSystem.cpp">
      <Filter>GameEngine\InputSystem</Filter>
    </ClCompile>
    <ClCompile Include="RenderSystem.cpp">
      <Filter>GameEngine\GraphicsEngine\RenderSystem</Filter>
    </ClCompile>
    <ClCompile Include="Resource.cpp">
      <Filter>GameEngine\GraphicsEngine\ResourceManager</Filter>
    </ClCompile>
    <ClCompile Include="ResourceManager.cpp">
      <Filter>GameEngine\GraphicsEngine\ResourceManager</Filter>
    </ClCompile>
    <ClCompile Include="TextureManager.cpp">
      <Filter>GameEngine\GraphicsEngine\ResourceManager\TextureManager</Filter>
    </ClCompile>
    <ClCompile Include="MeshManager.cpp">
      <Filter>GameEngine\GraphicsEngine\ResourceManager\MeshManager</Filter>
    </ClCompile>
    <ClCompile Include="Random.cpp">
      <Filter>GameEngine\Math</Filter>
    </ClCompile>
    <ClCompile Include="Time.cpp">
      <Filter>GameEngine</Filter>
    </ClCompile>
    <ClCompile Include="Transformable.cpp">
      <Filter>GameEngine</Filter>
    </ClCompile>
    <ClCompile Include="Camera.cpp">
      <Filter>GameEngine</Filter>
    </ClCompile>
    <ClCompile Include="Libs\ImGui\imgui.cpp">
      <Filter>GameEngine\ImGui</Filter>
    </ClCompile>
    <ClCompile Include="Libs\ImGui\imgui_draw.cpp">
      <Filter>GameEngine\ImGui</Filter>
    </ClCompile>
    <ClCompile Include="Libs\ImGui\imgui_impl_dx11.cpp">
      <Filter>GameEngine\ImGui</Filter>
    </ClCompile>
    <ClCompile Include="Libs\ImGui\imgui_impl_win32.cpp">
      <Filter>GameEngine\ImGui</Filter>
    </ClCompile>
    <ClCompile Include="Libs\ImGui\imgui_tables.cpp">
      <Filter>GameEngine\ImGui</Filter>
    </ClCompile>
    <ClCompile Include="Libs\ImGui\imgui_widgets.cpp">
      <Filter>GameEngine\ImGui</Filter>
    </ClCompile>
    <ClCompile Include="Screen.cpp">
      <Filter>GameEngine\UI</Filter>
    </ClCompile>
    <ClCompile Include="UI.cpp">
      <Filter>GameEngine\UI</Filter>
    </ClCompile>
    <ClCompile Include="ViewportScreen.cpp">
      <Filter>GameEngine\UI</Filter>
    </ClCompile>
    <ClCompile Include="MenuScreen.cpp">
      <Filter>GameEngine\UI</Filter>
    </ClCompile>
    <ClCompile Include="CreditsScreen.cpp">
      <Filter>GameEngine\UI</Filter>
    </ClCompile>
    <ClCompile Include="ColorPickerScreen.cpp">
      <Filter>GameEngine\UI</Filter>
    </ClCompile>
    <ClCompile Include="VertexShaderManager.cpp">
      <Filter>GameEngine\GraphicsEngine\ResourceManager\VertexShaderManager</Filter>
    </ClCompile>
    <ClCompile Include="PixelShaderManager.cpp">
      <Filter>GameEngine\GraphicsEngine\ResourceManager\PixelShaderManager</Filter>
    </ClCompile>
    <ClCompile Include="Texture.cpp">
      <Filter>GameEngine\GraphicsEngine\RenderSystem\Texture</Filter>
    </ClCompile>
    <ClCompile Include="Mesh.cpp">
      <Filter>GameEngine\GraphicsEngine\RenderSystem\Mesh</Filter>
    </ClCompile>
    <ClCompile Include="VertexInputLayout.cpp">
      <Filter>GameEngine\GraphicsEngine\RenderSystem\VertexInputLayout</Filter>
    </ClCompile>
    <ClCompile Include="SamplerState.cpp">
      <Filter>GameEngine\GraphicsEngine\RenderSystem\SamplerState</Filter>
    </ClCompile>
    <ClCompile Include="SceneHierarchyScreen.cpp">
      <Filter>GameEngine\UI</Filter>
    </ClCompile>
    <ClCompile Include="InspectorScreen.cpp">
      <Filter>GameEngine\UI</Filter>
    </ClCompile>
    <ClCompile Include="CameraManager.cpp">
      <Filter>GameEngine</Filter>
    </ClCompile>
    <ClCompile Include="Component.cpp">
      <Filter>GameEngine\ComponentSystem</Filter>
    </ClCompile>
    <ClCompile Include="GameObjectManager.cpp">
      <Filter>GameEngine\GameObject</Filter>
    </ClCompile>
    <ClCompile Include="GameObject.cpp">
      <Filter>GameEngine\GameObject</Filter>
    </ClCompile>
    <ClCompile Include="PhysicsSystem.cpp" />
    <ClCompile Include="PhysicsCube.cpp">
      <Filter>App</Filter>
    </ClCompile>
    <ClCompile Include="ComponentSystem.cpp">
      <Filter>GameEngine\ComponentSystem</Filter>
    </ClCompile>
    <ClCompile Include="BoxPhysicsComponent.cpp">
      <Filter>GameEngine\ComponentSystem</Filter>
    </ClCompile>
    <ClCompile Include="EditorApplication.cpp" />
    <ClCompile Include="Event.cpp" />
    <ClCompile Include="MoveGameObjectCommand.cpp" />
    <ClCompile Include="RotateGameObjectCommand.cpp" />
    <ClCompile Include="UndoRedoScreen.cpp">
      <Filter>GameEngine\UI</Filter>
    </ClCompile>
    <ClCompile Include="PlayMenuScreen.cpp">
      <Filter>GameEngine\UI</Filter>
    </ClCompile>
  </ItemGroup>
  <ItemGroup>
    <ClInclude Include="AppWindow.h">
      <Filter>App</Filter>
    </ClInclude>
    <ClInclude Include="Window.h">
      <Filter>GameEngine\WindowingSystem</Filter>
    </ClInclude>
    <ClInclude Include="GraphicsEngine.h">
      <Filter>GameEngine\GraphicsEngine</Filter>
    </ClInclude>
    <ClInclude Include="SwapChain.h">
      <Filter>GameEngine\GraphicsEngine\RenderSystem\SwapChain</Filter>
    </ClInclude>
    <ClInclude Include="DeviceContext.h">
      <Filter>GameEngine\GraphicsEngine\RenderSystem\DeviceContext</Filter>
    </ClInclude>
    <ClInclude Include="VertexBuffer.h">
      <Filter>GameEngine\GraphicsEngine\RenderSystem\VertexBuffer</Filter>
    </ClInclude>
    <ClInclude Include="VertexShader.h">
      <Filter>GameEngine\GraphicsEngine\RenderSystem\VertexShader</Filter>
    </ClInclude>
    <ClInclude Include="PixelShader.h">
      <Filter>GameEngine\GraphicsEngine\RenderSystem\PixelShader</Filter>
    </ClInclude>
    <ClInclude Include="ConstantBuffer.h">
      <Filter>GameEngine\GraphicsEngine\RenderSystem\ConstantBuffer</Filter>
    </ClInclude>
    <ClInclude Include="Vector3.h">
      <Filter>GameEngine\Math</Filter>
    </ClInclude>
    <ClInclude Include="Matrix4x4.h">
      <Filter>GameEngine\Math</Filter>
    </ClInclude>
    <ClInclude Include="IndexBuffer.h">
      <Filter>GameEngine\GraphicsEngine\RenderSystem\IndexBuffer</Filter>
    </ClInclude>
    <ClInclude Include="InputSystem.h">
      <Filter>GameEngine\InputSystem</Filter>
    </ClInclude>
    <ClInclude Include="IInputListener.h">
      <Filter>GameEngine\InputSystem</Filter>
    </ClInclude>
    <ClInclude Include="Point.h">
      <Filter>GameEngine\Math</Filter>
    </ClInclude>
    <ClInclude Include="Vector4.h">
      <Filter>GameEngine\Math</Filter>
    </ClInclude>
    <ClInclude Include="RenderSystem.h">
      <Filter>GameEngine\GraphicsEngine\RenderSystem</Filter>
    </ClInclude>
    <ClInclude Include="Prerequisites.h">
      <Filter>GameEngine\GraphicsEngine</Filter>
    </ClInclude>
    <ClInclude Include="Resource.h">
      <Filter>GameEngine\GraphicsEngine\ResourceManager</Filter>
    </ClInclude>
    <ClInclude Include="ResourceManager.h">
      <Filter>GameEngine\GraphicsEngine\ResourceManager</Filter>
    </ClInclude>
    <ClInclude Include="TextureManager.h">
      <Filter>GameEngine\GraphicsEngine\ResourceManager\TextureManager</Filter>
    </ClInclude>
    <ClInclude Include="Vector2.h">
      <Filter>GameEngine\Math</Filter>
    </ClInclude>
    <ClInclude Include="MeshManager.h">
      <Filter>GameEngine\GraphicsEngine\ResourceManager\MeshManager</Filter>
    </ClInclude>
    <ClInclude Include="VertexMesh.h">
      <Filter>GameEngine\Math</Filter>
    </ClInclude>
    <ClInclude Include="Random.h">
      <Filter>GameEngine\Math</Filter>
    </ClInclude>
    <ClInclude Include="Mathf.h">
      <Filter>GameEngine\Math</Filter>
    </ClInclude>
    <ClInclude Include="Time.h">
      <Filter>GameEngine</Filter>
    </ClInclude>
    <ClInclude Include="Transformable.h">
      <Filter>GameEngine</Filter>
    </ClInclude>
    <ClInclude Include="ConstantBufferData.h">
      <Filter>GameEngine\GraphicsEngine\RenderSystem\ConstantBuffer</Filter>
    </ClInclude>
    <ClInclude Include="Camera.h">
      <Filter>GameEngine</Filter>
    </ClInclude>
    <ClInclude Include="Libs\ImGui\imconfig.h">
      <Filter>GameEngine\ImGui</Filter>
    </ClInclude>
    <ClInclude Include="Libs\ImGui\imgui.h">
      <Filter>GameEngine\ImGui</Filter>
    </ClInclude>
    <ClInclude Include="Libs\ImGui\imgui_impl_dx11.h">
      <Filter>GameEngine\ImGui</Filter>
    </ClInclude>
    <ClInclude Include="Libs\ImGui\imgui_impl_win32.h">
      <Filter>GameEngine\ImGui</Filter>
    </ClInclude>
    <ClInclude Include="Libs\ImGui\imgui_internal.h">
      <Filter>GameEngine\ImGui</Filter>
    </ClInclude>
    <ClInclude Include="Libs\ImGui\imstb_rectpack.h">
      <Filter>GameEngine\ImGui</Filter>
    </ClInclude>
    <ClInclude Include="Libs\ImGui\imstb_textedit.h">
      <Filter>GameEngine\ImGui</Filter>
    </ClInclude>
    <ClInclude Include="Libs\ImGui\imstb_truetype.h">
      <Filter>GameEngine\ImGui</Filter>
    </ClInclude>
    <ClInclude Include="Singleton.h">
      <Filter>GameEngine</Filter>
    </ClInclude>
    <ClInclude Include="UI.h">
      <Filter>GameEngine\UI</Filter>
    </ClInclude>
    <ClInclude Include="Screen.h">
      <Filter>GameEngine\UI</Filter>
    </ClInclude>
    <ClInclude Include="ViewportScreen.h">
      <Filter>GameEngine\UI</Filter>
    </ClInclude>
    <ClInclude Include="MenuScreen.h">
      <Filter>GameEngine\UI</Filter>
    </ClInclude>
    <ClInclude Include="ScreenNames.h">
      <Filter>GameEngine\UI</Filter>
    </ClInclude>
    <ClInclude Include="CreditsScreen.h">
      <Filter>GameEngine\UI</Filter>
    </ClInclude>
    <ClInclude Include="ColorPickerScreen.h">
      <Filter>GameEngine\UI</Filter>
    </ClInclude>
    <ClInclude Include="VertexShaderManager.h">
      <Filter>GameEngine\GraphicsEngine\ResourceManager\VertexShaderManager</Filter>
    </ClInclude>
    <ClInclude Include="PixelShaderManager.h">
      <Filter>GameEngine\GraphicsEngine\ResourceManager\PixelShaderManager</Filter>
    </ClInclude>
    <ClInclude Include="Texture.h">
      <Filter>GameEngine\GraphicsEngine\RenderSystem\Texture</Filter>
    </ClInclude>
    <ClInclude Include="Mesh.h">
      <Filter>GameEngine\GraphicsEngine\RenderSystem\Mesh</Filter>
    </ClInclude>
    <ClInclude Include="VertexInputLayout.h">
      <Filter>GameEngine\GraphicsEngine\RenderSystem\VertexInputLayout</Filter>
    </ClInclude>
    <ClInclude Include="VertexFormat.h">
      <Filter>GameEngine\GraphicsEngine\RenderSystem\VertexInputLayout</Filter>
    </ClInclude>
    <ClInclude Include="VertexPositionUV.h">
      <Filter>GameEngine\GraphicsEngine\RenderSystem\Vertex</Filter>
    </ClInclude>
    <ClInclude Include="VertexPositionColor.h">
      <Filter>GameEngine\GraphicsEngine\RenderSystem\Vertex</Filter>
    </ClInclude>
    <ClInclude Include="SamplerState.h">
      <Filter>GameEngine\GraphicsEngine\RenderSystem\SamplerState</Filter>
    </ClInclude>
    <ClInclude Include="SceneHierarchyScreen.h">
      <Filter>GameEngine\UI</Filter>
    </ClInclude>
    <ClInclude Include="InspectorScreen.h">
      <Filter>GameEngine\UI</Filter>
    </ClInclude>
    <ClInclude Include="CameraManager.h">
      <Filter>GameEngine</Filter>
    </ClInclude>
    <ClInclude Include="Component.h">
      <Filter>GameEngine\ComponentSystem</Filter>
    </ClInclude>
    <ClInclude Include="GameObjectManager.h">
      <Filter>GameEngine\GameObject</Filter>
    </ClInclude>
    <ClInclude Include="GameObject.h">
      <Filter>GameEngine\GameObject</Filter>
    </ClInclude>
    <ClInclude Include="PhysicsSystem.h" />
    <ClInclude Include="PhysicsCube.h">
      <Filter>App</Filter>
    </ClInclude>
    <ClInclude Include="ComponentSystem.h">
      <Filter>GameEngine\ComponentSystem</Filter>
    </ClInclude>
    <ClInclude Include="BoxPhysicsComponent.h">
      <Filter>GameEngine\ComponentSystem</Filter>
    </ClInclude>
    <ClInclude Include="EditorApplication.h" />
    <ClInclude Include="EventCallback.h" />
    <ClInclude Include="IEventCallback.h" />
    <ClInclude Include="Event.h" />
    <ClInclude Include="ICommand.h" />
    <ClInclude Include="MoveGameObjectCommand.h" />
    <ClInclude Include="RotateGameObjectCommand.h" />
    <ClInclude Include="UndoRedoScreen.h">
      <Filter>GameEngine\UI</Filter>
    </ClInclude>
    <ClInclude Include="PlayMenuScreen.h">
      <Filter>GameEngine\UI</Filter>
    </ClInclude>
  </ItemGroup>
  <ItemGroup>
    <FxCompile Include="VertexMeshLayoutShader.hlsl">
      <Filter>GameEngine\GraphicsEngine</Filter>
    </FxCompile>
    <FxCompile Include="ColoredPixelShader.hlsl">
      <Filter>App\Shaders</Filter>
    </FxCompile>
    <FxCompile Include="ColoredVertexShader.hlsl">
      <Filter>App\Shaders</Filter>
    </FxCompile>
    <FxCompile Include="PixelShader.hlsl">
      <Filter>App\Shaders</Filter>
    </FxCompile>
    <FxCompile Include="TexturedPixelShader.hlsl">
      <Filter>App\Shaders</Filter>
    </FxCompile>
    <FxCompile Include="TexturedVertexShader.hlsl">
      <Filter>App\Shaders</Filter>
    </FxCompile>
    <FxCompile Include="VertexShader.hlsl">
      <Filter>App\Shaders</Filter>
    </FxCompile>
  </ItemGroup>
</Project>